{
  "version": 4,
  "terraform_version": "1.14.3",
  "serial": 3,
  "lineage": "bde62445-d928-5998-f803-b6f7a044cce0",
  "outputs": {
    "config_file_path": {
      "value": "./output/myapp-dev.conf",
      "type": "string"
    },
    "greeting_file_path": {
      "value": "./output/hello.txt",
      "type": "string"
    },
    "summary": {
      "value": {
        "app": "myapp",
        "config_path": "./output/myapp-dev.conf",
        "environment": "dev",
        "port": 8080
      },
      "type": [
        "object",
        {
          "app": "string",
          "config_path": "string",
          "environment": "string",
          "port": "number"
        }
      ]
    }
  },
  "resources": [
    {
      "mode": "managed",
      "type": "local_file",
      "name": "config",
      "provider": "provider[\"registry.terraform.io/hashicorp/local\"]",
      "instances": [
        {
          "schema_version": 0,
          "attributes": {
            "content": "# myapp Configuration\n# Environment: dev\n# Genereeritud Terraformiga\n\nserver {\n  port = 8080\n  host = \"localhost\"\n  env  = \"dev\"\n}\n",
            "content_base64": null,
            "content_base64sha256": "mZcj/zZMbAVGvUGrnLg3J3vCVGjxY74y0qbfCF5E+KY=",
            "content_base64sha512": "HBfDjrnp1gR5BWnOkVJ8TPT9/8ZEeAUvwb1IKUFhGDQDkHwvCoJATCL5VC5map+S5C9UGiuLhTwhDJJBOMBR5A==",
            "content_md5": "24485e22d746715cb757c7b6c171aad8",
            "content_sha1": "8263def32b569e6352b8d4ccb3970ee1b91afdbb",
            "content_sha256": "999723ff364c6c0546bd41ab9cb837277bc25468f163be32d2a6df085e44f8a6",
            "content_sha512": "1c17c38eb9e9d604790569ce91527c4cf4fdffc64478052fc1bd48294161183403907c2f0a82404c22f9542e666a9f92e42f541a2b8b853c210c924138c051e4",
            "directory_permission": "0777",
            "file_permission": "0777",
            "filename": "./output/myapp-dev.conf",
            "id": "8263def32b569e6352b8d4ccb3970ee1b91afdbb",
            "sensitive_content": null,
            "source": null
          },
          "sensitive_attributes": [
            [
              {
                "type": "get_attr",
                "value": "sensitive_content"
              }
            ]
          ],
          "identity_schema_version": 0
        }
      ]
    },
    {
      "mode": "managed",
      "type": "local_file",
      "name": "greeting",
      "provider": "provider[\"registry.terraform.io/hashicorp/local\"]",
      "instances": [
        {
          "schema_version": 0,
          "attributes": {
            "content": "Tere tulemast myapp rakendusse!\nKeskkond: dev\nPort: 8080\n",
            "content_base64": null,
            "content_base64sha256": "+nLusSl6JV84ocUpfik1cFTIoF+vK6FidEEcbJkkGz4=",
            "content_base64sha512": "mYMSPJtvazSD/6E/6rY/phxQdMS3rNGQugvEAoNxMr24ng5t31sBPnwSu+Vc5KxR2xBPC5TIAegbZdBJ21rjUw==",
            "content_md5": "d8dce0c7031b238c1f7d3ad0225d1fbf",
            "content_sha1": "31861bb4d7ddfd2ac671b29a4099755af8007ce8",
            "content_sha256": "fa72eeb1297a255f38a1c5297e29357054c8a05faf2ba16274411c6c99241b3e",
            "content_sha512": "9983123c9b6f6b3483ffa13feab63fa61c5074c4b7acd190ba0bc402837132bdb89e0e6ddf5b013e7c12bbe55ce4ac51db104f0b94c801e81b65d049db5ae353",
            "directory_permission": "0777",
            "file_permission": "0777",
            "filename": "./output/hello.txt",
            "id": "31861bb4d7ddfd2ac671b29a4099755af8007ce8",
            "sensitive_content": null,
            "source": null
          },
          "sensitive_attributes": [
            [
              {
                "type": "get_attr",
                "value": "sensitive_content"
              }
            ]
          ],
          "identity_schema_version": 0
        }
      ]
    }
  ],
  "check_results": [
    {
      "object_kind": "var",
      "config_addr": "var.environment",
      "status": "pass",
      "objects": [
        {
          "object_addr": "var.environment",
          "status": "pass"
        }
      ]
    },
    {
      "object_kind": "var",
      "config_addr": "var.port",
      "status": "pass",
      "objects": [
        {
          "object_addr": "var.port",
          "status": "pass"
        }
      ]
    }
  ]
}
